// !$*UTF8*$!
{
	archiveVersion = 1;
	classes = {
	};
	objectVersion = 56;
	objects = {

/* Begin PBXBuildFile section */
		041CBB692A30121100A21EEB /* ChartView.swift in Sources */ = {isa = PBXBuildFile; fileRef = 041CBB5B2A30020800A21EEB /* ChartView.swift */; };
		041CBB6A2A30124C00A21EEB /* RepositoryKey.swift in Sources */ = {isa = PBXBuildFile; fileRef = 0489D5602A26967A0079932E /* RepositoryKey.swift */; };
		041CBB6C2A3012DB00A21EEB /* ChartEntry.swift in Sources */ = {isa = PBXBuildFile; fileRef = 041CBB6B2A3012DB00A21EEB /* ChartEntry.swift */; };
		041CBB6F2A3013BB00A21EEB /* GlucoseSample.swift in Sources */ = {isa = PBXBuildFile; fileRef = 041CBB6E2A3013BB00A21EEB /* GlucoseSample.swift */; };
		041CBB702A30145500A21EEB /* HealthConnect.framework in Frameworks */ = {isa = PBXBuildFile; fileRef = 0489D51C2A23DF790079932E /* HealthConnect.framework */; };
		041CBB712A30145500A21EEB /* HealthConnect.framework in Embed Frameworks */ = {isa = PBXBuildFile; fileRef = 0489D51C2A23DF790079932E /* HealthConnect.framework */; settings = {ATTRIBUTES = (CodeSignOnCopy, RemoveHeadersOnCopy, ); }; };
		041CBB752A30146100A21EEB /* DailyChart.framework in Frameworks */ = {isa = PBXBuildFile; fileRef = 041CBB622A3011F800A21EEB /* DailyChart.framework */; };
		041CBB762A30146100A21EEB /* DailyChart.framework in Embed Frameworks */ = {isa = PBXBuildFile; fileRef = 041CBB622A3011F800A21EEB /* DailyChart.framework */; settings = {ATTRIBUTES = (CodeSignOnCopy, RemoveHeadersOnCopy, ); }; };
		0489D5242A23DF790079932E /* HealthConnect.framework in Frameworks */ = {isa = PBXBuildFile; fileRef = 0489D51C2A23DF790079932E /* HealthConnect.framework */; };
		0489D5342A23E0420079932E /* HealthConnect.framework in Frameworks */ = {isa = PBXBuildFile; fileRef = 0489D51C2A23DF790079932E /* HealthConnect.framework */; };
		0489D5352A23E0420079932E /* HealthConnect.framework in Embed Frameworks */ = {isa = PBXBuildFile; fileRef = 0489D51C2A23DF790079932E /* HealthConnect.framework */; settings = {ATTRIBUTES = (CodeSignOnCopy, RemoveHeadersOnCopy, ); }; };
		0489D53A2A23E1A70079932E /* HealthRepository.swift in Sources */ = {isa = PBXBuildFile; fileRef = 0489D5392A23E1A70079932E /* HealthRepository.swift */; };
		0489D53C2A23E4450079932E /* Values.swift in Sources */ = {isa = PBXBuildFile; fileRef = 0489D53B2A23E4450079932E /* Values.swift */; };
		0489D53E2A23E4860079932E /* AuthorizationStatus.swift in Sources */ = {isa = PBXBuildFile; fileRef = 0489D53D2A23E4860079932E /* AuthorizationStatus.swift */; };
		0489D5402A23E53F0079932E /* HealthStore.swift in Sources */ = {isa = PBXBuildFile; fileRef = 0489D53F2A23E53F0079932E /* HealthStore.swift */; };
		0489D5422A23E5D20079932E /* HealthRepositoryTests.swift in Sources */ = {isa = PBXBuildFile; fileRef = 0489D5412A23E5D20079932E /* HealthRepositoryTests.swift */; };
		0489D5522A23ECAC0079932E /* ContentView.swift in Sources */ = {isa = PBXBuildFile; fileRef = 04B42EA62A23DEE700E68358 /* ContentView.swift */; };
		0489D5532A23ECBA0079932E /* TopLevel.framework in Frameworks */ = {isa = PBXBuildFile; fileRef = 0489D5492A23EAE10079932E /* TopLevel.framework */; };
		0489D5542A23ECBA0079932E /* TopLevel.framework in Embed Frameworks */ = {isa = PBXBuildFile; fileRef = 0489D5492A23EAE10079932E /* TopLevel.framework */; settings = {ATTRIBUTES = (CodeSignOnCopy, RemoveHeadersOnCopy, ); }; };
		0489D5582A23ED1B0079932E /* PrimaryView.swift in Sources */ = {isa = PBXBuildFile; fileRef = 0489D5572A23ED1B0079932E /* PrimaryView.swift */; };
		0489D55A2A23F49D0079932E /* EntryView.swift in Sources */ = {isa = PBXBuildFile; fileRef = 0489D5592A23F49D0079932E /* EntryView.swift */; };
		0489D55D2A240B180079932E /* NumberValue.swift in Sources */ = {isa = PBXBuildFile; fileRef = 0489D55C2A240B180079932E /* NumberValue.swift */; };
		0489D55F2A240B330079932E /* NumberButton.swift in Sources */ = {isa = PBXBuildFile; fileRef = 0489D55E2A240B320079932E /* NumberButton.swift */; };
		04ABFC092A3A8F36001AACF7 /* PrimaryContainerBackgroundViewModifier.swift in Sources */ = {isa = PBXBuildFile; fileRef = 04ABFC082A3A8F36001AACF7 /* PrimaryContainerBackgroundViewModifier.swift */; };
		04B42EA02A23DEE700E68358 /* Beaties Watch App.app in Embed Watch Content */ = {isa = PBXBuildFile; fileRef = 04B42E9F2A23DEE700E68358 /* Beaties Watch App.app */; settings = {ATTRIBUTES = (RemoveHeadersOnCopy, ); }; };
		04B42EA52A23DEE700E68358 /* BeatiesApp.swift in Sources */ = {isa = PBXBuildFile; fileRef = 04B42EA42A23DEE700E68358 /* BeatiesApp.swift */; };
		04B42EA92A23DEE800E68358 /* Assets.xcassets in Resources */ = {isa = PBXBuildFile; fileRef = 04B42EA82A23DEE800E68358 /* Assets.xcassets */; };
		04B42EAC2A23DEE800E68358 /* Preview Assets.xcassets in Resources */ = {isa = PBXBuildFile; fileRef = 04B42EAB2A23DEE800E68358 /* Preview Assets.xcassets */; };
		04EFFEEB2A269BB4008F5358 /* HealthConnect.framework in Frameworks */ = {isa = PBXBuildFile; fileRef = 0489D51C2A23DF790079932E /* HealthConnect.framework */; };
		04EFFEEC2A269BB4008F5358 /* HealthConnect.framework in Embed Frameworks */ = {isa = PBXBuildFile; fileRef = 0489D51C2A23DF790079932E /* HealthConnect.framework */; settings = {ATTRIBUTES = (CodeSignOnCopy, RemoveHeadersOnCopy, ); }; };
		04EFFEF82A26CC6F008F5358 /* WidgetKit.framework in Frameworks */ = {isa = PBXBuildFile; fileRef = 04EFFEF72A26CC6F008F5358 /* WidgetKit.framework */; };
		04EFFEFA2A26CC6F008F5358 /* SwiftUI.framework in Frameworks */ = {isa = PBXBuildFile; fileRef = 04EFFEF92A26CC6F008F5358 /* SwiftUI.framework */; };
		04EFFEFD2A26CC6F008F5358 /* Complication.swift in Sources */ = {isa = PBXBuildFile; fileRef = 04EFFEFC2A26CC6F008F5358 /* Complication.swift */; };
		04EFFEFF2A26CC70008F5358 /* Assets.xcassets in Resources */ = {isa = PBXBuildFile; fileRef = 04EFFEFE2A26CC70008F5358 /* Assets.xcassets */; };
		04EFFF032A26CC70008F5358 /* ComplicationExtension.appex in Embed Foundation Extensions */ = {isa = PBXBuildFile; fileRef = 04EFFEF62A26CC6F008F5358 /* ComplicationExtension.appex */; settings = {ATTRIBUTES = (RemoveHeadersOnCopy, ); }; };
/* End PBXBuildFile section */

/* Begin PBXContainerItemProxy section */
		041CBB722A30145500A21EEB /* PBXContainerItemProxy */ = {
			isa = PBXContainerItemProxy;
			containerPortal = 04B42E932A23DEE700E68358 /* Project object */;
			proxyType = 1;
			remoteGlobalIDString = 0489D51B2A23DF790079932E;
			remoteInfo = HealthConnect;
		};
		041CBB772A30146100A21EEB /* PBXContainerItemProxy */ = {
			isa = PBXContainerItemProxy;
			containerPortal = 04B42E932A23DEE700E68358 /* Project object */;
			proxyType = 1;
			remoteGlobalIDString = 041CBB612A3011F700A21EEB;
			remoteInfo = DailyChart;
		};
		0489D5252A23DF790079932E /* PBXContainerItemProxy */ = {
			isa = PBXContainerItemProxy;
			containerPortal = 04B42E932A23DEE700E68358 /* Project object */;
			proxyType = 1;
			remoteGlobalIDString = 0489D51B2A23DF790079932E;
			remoteInfo = HealthConnect;
		};
		0489D5362A23E0420079932E /* PBXContainerItemProxy */ = {
			isa = PBXContainerItemProxy;
			containerPortal = 04B42E932A23DEE700E68358 /* Project object */;
			proxyType = 1;
			remoteGlobalIDString = 0489D51B2A23DF790079932E;
			remoteInfo = HealthConnect;
		};
		0489D5552A23ECBA0079932E /* PBXContainerItemProxy */ = {
			isa = PBXContainerItemProxy;
			containerPortal = 04B42E932A23DEE700E68358 /* Project object */;
			proxyType = 1;
			remoteGlobalIDString = 0489D5482A23EAE10079932E;
			remoteInfo = TopLevel;
		};
		04B42EA12A23DEE700E68358 /* PBXContainerItemProxy */ = {
			isa = PBXContainerItemProxy;
			containerPortal = 04B42E932A23DEE700E68358 /* Project object */;
			proxyType = 1;
			remoteGlobalIDString = 04B42E9E2A23DEE700E68358;
			remoteInfo = "Beaties Watch App";
		};
		04EFFEED2A269BB4008F5358 /* PBXContainerItemProxy */ = {
			isa = PBXContainerItemProxy;
			containerPortal = 04B42E932A23DEE700E68358 /* Project object */;
			proxyType = 1;
			remoteGlobalIDString = 0489D51B2A23DF790079932E;
			remoteInfo = HealthConnect;
		};
		04EFFF012A26CC70008F5358 /* PBXContainerItemProxy */ = {
			isa = PBXContainerItemProxy;
			containerPortal = 04B42E932A23DEE700E68358 /* Project object */;
			proxyType = 1;
			remoteGlobalIDString = 04EFFEF52A26CC6F008F5358;
			remoteInfo = ComplicationExtension;
		};
/* End PBXContainerItemProxy section */

/* Begin PBXCopyFilesBuildPhase section */
		041CBB742A30145500A21EEB /* Embed Frameworks */ = {
			isa = PBXCopyFilesBuildPhase;
			buildActionMask = 2147483647;
			dstPath = "";
			dstSubfolderSpec = 10;
			files = (
				041CBB712A30145500A21EEB /* HealthConnect.framework in Embed Frameworks */,
			);
			name = "Embed Frameworks";
			runOnlyForDeploymentPostprocessing = 0;
		};
		0489D5382A23E0420079932E /* Embed Frameworks */ = {
			isa = PBXCopyFilesBuildPhase;
			buildActionMask = 2147483647;
			dstPath = "";
			dstSubfolderSpec = 10;
			files = (
				0489D5352A23E0420079932E /* HealthConnect.framework in Embed Frameworks */,
				0489D5542A23ECBA0079932E /* TopLevel.framework in Embed Frameworks */,
			);
			name = "Embed Frameworks";
			runOnlyForDeploymentPostprocessing = 0;
		};
		04B42EB22A23DEE800E68358 /* Embed Watch Content */ = {
			isa = PBXCopyFilesBuildPhase;
			buildActionMask = 2147483647;
			dstPath = "$(CONTENTS_FOLDER_PATH)/Watch";
			dstSubfolderSpec = 16;
			files = (
				04B42EA02A23DEE700E68358 /* Beaties Watch App.app in Embed Watch Content */,
			);
			name = "Embed Watch Content";
			runOnlyForDeploymentPostprocessing = 0;
		};
		04EFFEEF2A269BB4008F5358 /* Embed Frameworks */ = {
			isa = PBXCopyFilesBuildPhase;
			buildActionMask = 2147483647;
			dstPath = "";
			dstSubfolderSpec = 10;
			files = (
				04EFFEEC2A269BB4008F5358 /* HealthConnect.framework in Embed Frameworks */,
				041CBB762A30146100A21EEB /* DailyChart.framework in Embed Frameworks */,
			);
			name = "Embed Frameworks";
			runOnlyForDeploymentPostprocessing = 0;
		};
		04EFFF072A26CC70008F5358 /* Embed Foundation Extensions */ = {
			isa = PBXCopyFilesBuildPhase;
			buildActionMask = 2147483647;
			dstPath = "";
			dstSubfolderSpec = 13;
			files = (
				04EFFF032A26CC70008F5358 /* ComplicationExtension.appex in Embed Foundation Extensions */,
			);
			name = "Embed Foundation Extensions";
			runOnlyForDeploymentPostprocessing = 0;
		};
/* End PBXCopyFilesBuildPhase section */

/* Begin PBXFileReference section */
		041CBB5B2A30020800A21EEB /* ChartView.swift */ = {isa = PBXFileReference; lastKnownFileType = sourcecode.swift; path = ChartView.swift; sourceTree = "<group>"; };
		041CBB622A3011F800A21EEB /* DailyChart.framework */ = {isa = PBXFileReference; explicitFileType = wrapper.framework; includeInIndex = 0; path = DailyChart.framework; sourceTree = BUILT_PRODUCTS_DIR; };
		041CBB6B2A3012DB00A21EEB /* ChartEntry.swift */ = {isa = PBXFileReference; lastKnownFileType = sourcecode.swift; path = ChartEntry.swift; sourceTree = "<group>"; };
		041CBB6E2A3013BB00A21EEB /* GlucoseSample.swift */ = {isa = PBXFileReference; lastKnownFileType = sourcecode.swift; path = GlucoseSample.swift; sourceTree = "<group>"; };
		0489D51C2A23DF790079932E /* HealthConnect.framework */ = {isa = PBXFileReference; explicitFileType = wrapper.framework; includeInIndex = 0; path = HealthConnect.framework; sourceTree = BUILT_PRODUCTS_DIR; };
		0489D5232A23DF790079932E /* HealthConnectTests.xctest */ = {isa = PBXFileReference; explicitFileType = wrapper.cfbundle; includeInIndex = 0; path = HealthConnectTests.xctest; sourceTree = BUILT_PRODUCTS_DIR; };
		0489D5392A23E1A70079932E /* HealthRepository.swift */ = {isa = PBXFileReference; lastKnownFileType = sourcecode.swift; path = HealthRepository.swift; sourceTree = "<group>"; };
		0489D53B2A23E4450079932E /* Values.swift */ = {isa = PBXFileReference; lastKnownFileType = sourcecode.swift; path = Values.swift; sourceTree = "<group>"; };
		0489D53D2A23E4860079932E /* AuthorizationStatus.swift */ = {isa = PBXFileReference; lastKnownFileType = sourcecode.swift; path = AuthorizationStatus.swift; sourceTree = "<group>"; };
		0489D53F2A23E53F0079932E /* HealthStore.swift */ = {isa = PBXFileReference; lastKnownFileType = sourcecode.swift; path = HealthStore.swift; sourceTree = "<group>"; };
		0489D5412A23E5D20079932E /* HealthRepositoryTests.swift */ = {isa = PBXFileReference; lastKnownFileType = sourcecode.swift; path = HealthRepositoryTests.swift; sourceTree = "<group>"; };
		0489D5432A23EA870079932E /* Beaties Watch App.entitlements */ = {isa = PBXFileReference; lastKnownFileType = text.plist.entitlements; path = "Beaties Watch App.entitlements"; sourceTree = "<group>"; };
		0489D5492A23EAE10079932E /* TopLevel.framework */ = {isa = PBXFileReference; explicitFileType = wrapper.framework; includeInIndex = 0; path = TopLevel.framework; sourceTree = BUILT_PRODUCTS_DIR; };
		0489D5572A23ED1B0079932E /* PrimaryView.swift */ = {isa = PBXFileReference; lastKnownFileType = sourcecode.swift; path = PrimaryView.swift; sourceTree = "<group>"; };
		0489D5592A23F49D0079932E /* EntryView.swift */ = {isa = PBXFileReference; lastKnownFileType = sourcecode.swift; path = EntryView.swift; sourceTree = "<group>"; };
		0489D55C2A240B180079932E /* NumberValue.swift */ = {isa = PBXFileReference; lastKnownFileType = sourcecode.swift; path = NumberValue.swift; sourceTree = "<group>"; };
		0489D55E2A240B320079932E /* NumberButton.swift */ = {isa = PBXFileReference; lastKnownFileType = sourcecode.swift; path = NumberButton.swift; sourceTree = "<group>"; };
		0489D5602A26967A0079932E /* RepositoryKey.swift */ = {isa = PBXFileReference; lastKnownFileType = sourcecode.swift; path = RepositoryKey.swift; sourceTree = "<group>"; };
		04ABFC082A3A8F36001AACF7 /* PrimaryContainerBackgroundViewModifier.swift */ = {isa = PBXFileReference; lastKnownFileType = sourcecode.swift; path = PrimaryContainerBackgroundViewModifier.swift; sourceTree = "<group>"; };
		04B42E992A23DEE700E68358 /* Beaties.app */ = {isa = PBXFileReference; explicitFileType = wrapper.application; includeInIndex = 0; path = Beaties.app; sourceTree = BUILT_PRODUCTS_DIR; };
		04B42E9F2A23DEE700E68358 /* Beaties Watch App.app */ = {isa = PBXFileReference; explicitFileType = wrapper.application; includeInIndex = 0; path = "Beaties Watch App.app"; sourceTree = BUILT_PRODUCTS_DIR; };
		04B42EA42A23DEE700E68358 /* BeatiesApp.swift */ = {isa = PBXFileReference; lastKnownFileType = sourcecode.swift; path = BeatiesApp.swift; sourceTree = "<group>"; };
		04B42EA62A23DEE700E68358 /* ContentView.swift */ = {isa = PBXFileReference; lastKnownFileType = sourcecode.swift; path = ContentView.swift; sourceTree = "<group>"; };
		04B42EA82A23DEE800E68358 /* Assets.xcassets */ = {isa = PBXFileReference; lastKnownFileType = folder.assetcatalog; path = Assets.xcassets; sourceTree = "<group>"; };
		04B42EAB2A23DEE800E68358 /* Preview Assets.xcassets */ = {isa = PBXFileReference; lastKnownFileType = folder.assetcatalog; path = "Preview Assets.xcassets"; sourceTree = "<group>"; };
		04EFFEF62A26CC6F008F5358 /* ComplicationExtension.appex */ = {isa = PBXFileReference; explicitFileType = "wrapper.app-extension"; includeInIndex = 0; path = ComplicationExtension.appex; sourceTree = BUILT_PRODUCTS_DIR; };
		04EFFEF72A26CC6F008F5358 /* WidgetKit.framework */ = {isa = PBXFileReference; lastKnownFileType = wrapper.framework; name = WidgetKit.framework; path = System/Library/Frameworks/WidgetKit.framework; sourceTree = SDKROOT; };
		04EFFEF92A26CC6F008F5358 /* SwiftUI.framework */ = {isa = PBXFileReference; lastKnownFileType = wrapper.framework; name = SwiftUI.framework; path = System/Library/Frameworks/SwiftUI.framework; sourceTree = SDKROOT; };
		04EFFEFC2A26CC6F008F5358 /* Complication.swift */ = {isa = PBXFileReference; lastKnownFileType = sourcecode.swift; path = Complication.swift; sourceTree = "<group>"; };
		04EFFEFE2A26CC70008F5358 /* Assets.xcassets */ = {isa = PBXFileReference; lastKnownFileType = folder.assetcatalog; path = Assets.xcassets; sourceTree = "<group>"; };
		04EFFF002A26CC70008F5358 /* Info.plist */ = {isa = PBXFileReference; lastKnownFileType = text.plist.xml; path = Info.plist; sourceTree = "<group>"; };
/* End PBXFileReference section */

/* Begin PBXFrameworksBuildPhase section */
		041CBB5F2A3011F700A21EEB /* Frameworks */ = {
			isa = PBXFrameworksBuildPhase;
			buildActionMask = 2147483647;
			files = (
				041CBB702A30145500A21EEB /* HealthConnect.framework in Frameworks */,
			);
			runOnlyForDeploymentPostprocessing = 0;
		};
		0489D5192A23DF790079932E /* Frameworks */ = {
			isa = PBXFrameworksBuildPhase;
			buildActionMask = 2147483647;
			files = (
			);
			runOnlyForDeploymentPostprocessing = 0;
		};
		0489D5202A23DF790079932E /* Frameworks */ = {
			isa = PBXFrameworksBuildPhase;
			buildActionMask = 2147483647;
			files = (
				0489D5242A23DF790079932E /* HealthConnect.framework in Frameworks */,
			);
			runOnlyForDeploymentPostprocessing = 0;
		};
		0489D5462A23EAE10079932E /* Frameworks */ = {
			isa = PBXFrameworksBuildPhase;
			buildActionMask = 2147483647;
			files = (
				04EFFEEB2A269BB4008F5358 /* HealthConnect.framework in Frameworks */,
				041CBB752A30146100A21EEB /* DailyChart.framework in Frameworks */,
			);
			runOnlyForDeploymentPostprocessing = 0;
		};
		04B42E9C2A23DEE700E68358 /* Frameworks */ = {
			isa = PBXFrameworksBuildPhase;
			buildActionMask = 2147483647;
			files = (
				0489D5342A23E0420079932E /* HealthConnect.framework in Frameworks */,
				0489D5532A23ECBA0079932E /* TopLevel.framework in Frameworks */,
			);
			runOnlyForDeploymentPostprocessing = 0;
		};
		04EFFEF32A26CC6F008F5358 /* Frameworks */ = {
			isa = PBXFrameworksBuildPhase;
			buildActionMask = 2147483647;
			files = (
				04EFFEFA2A26CC6F008F5358 /* SwiftUI.framework in Frameworks */,
				04EFFEF82A26CC6F008F5358 /* WidgetKit.framework in Frameworks */,
			);
			runOnlyForDeploymentPostprocessing = 0;
		};
/* End PBXFrameworksBuildPhase section */

/* Begin PBXGroup section */
		041CBB632A3011F800A21EEB /* DailyChart */ = {
			isa = PBXGroup;
			children = (
				041CBB6D2A3012E300A21EEB /* Sources */,
			);
			path = DailyChart;
			sourceTree = "<group>";
		};
		041CBB6D2A3012E300A21EEB /* Sources */ = {
			isa = PBXGroup;
			children = (
				041CBB6B2A3012DB00A21EEB /* ChartEntry.swift */,
				041CBB5B2A30020800A21EEB /* ChartView.swift */,
			);
			path = Sources;
			sourceTree = "<group>";
		};
		0489D51D2A23DF790079932E /* HealthConnect */ = {
			isa = PBXGroup;
			children = (
				0489D5312A23DF840079932E /* Sources */,
				0489D5322A23DF900079932E /* Tests */,
			);
			path = HealthConnect;
			sourceTree = "<group>";
		};
		0489D5312A23DF840079932E /* Sources */ = {
			isa = PBXGroup;
			children = (
				0489D5602A26967A0079932E /* RepositoryKey.swift */,
				0489D5392A23E1A70079932E /* HealthRepository.swift */,
				0489D53B2A23E4450079932E /* Values.swift */,
				0489D53D2A23E4860079932E /* AuthorizationStatus.swift */,
				0489D53F2A23E53F0079932E /* HealthStore.swift */,
				041CBB6E2A3013BB00A21EEB /* GlucoseSample.swift */,
			);
			path = Sources;
			sourceTree = "<group>";
		};
		0489D5322A23DF900079932E /* Tests */ = {
			isa = PBXGroup;
			children = (
				0489D5412A23E5D20079932E /* HealthRepositoryTests.swift */,
			);
			path = Tests;
			sourceTree = "<group>";
		};
		0489D5332A23E0420079932E /* Frameworks */ = {
			isa = PBXGroup;
			children = (
				04EFFEF72A26CC6F008F5358 /* WidgetKit.framework */,
				04EFFEF92A26CC6F008F5358 /* SwiftUI.framework */,
			);
			name = Frameworks;
			sourceTree = "<group>";
		};
		0489D54A2A23EAE10079932E /* TopLevel */ = {
			isa = PBXGroup;
			children = (
				04B42EA62A23DEE700E68358 /* ContentView.swift */,
				0489D5572A23ED1B0079932E /* PrimaryView.swift */,
				0489D55B2A240B110079932E /* Entry */,
				04ABFC082A3A8F36001AACF7 /* PrimaryContainerBackgroundViewModifier.swift */,
			);
			path = TopLevel;
			sourceTree = "<group>";
		};
		0489D55B2A240B110079932E /* Entry */ = {
			isa = PBXGroup;
			children = (
				0489D5592A23F49D0079932E /* EntryView.swift */,
				0489D55C2A240B180079932E /* NumberValue.swift */,
				0489D55E2A240B320079932E /* NumberButton.swift */,
			);
			path = Entry;
			sourceTree = "<group>";
		};
		04B42E922A23DEE700E68358 = {
			isa = PBXGroup;
			children = (
				04B42EA32A23DEE700E68358 /* Beaties Watch App */,
				0489D51D2A23DF790079932E /* HealthConnect */,
				0489D54A2A23EAE10079932E /* TopLevel */,
				04EFFEFB2A26CC6F008F5358 /* Complication */,
				041CBB632A3011F800A21EEB /* DailyChart */,
				04B42E9A2A23DEE700E68358 /* Products */,
				0489D5332A23E0420079932E /* Frameworks */,
			);
			sourceTree = "<group>";
		};
		04B42E9A2A23DEE700E68358 /* Products */ = {
			isa = PBXGroup;
			children = (
				04B42E992A23DEE700E68358 /* Beaties.app */,
				04B42E9F2A23DEE700E68358 /* Beaties Watch App.app */,
				0489D51C2A23DF790079932E /* HealthConnect.framework */,
				0489D5232A23DF790079932E /* HealthConnectTests.xctest */,
				0489D5492A23EAE10079932E /* TopLevel.framework */,
				04EFFEF62A26CC6F008F5358 /* ComplicationExtension.appex */,
				041CBB622A3011F800A21EEB /* DailyChart.framework */,
			);
			name = Products;
			sourceTree = "<group>";
		};
		04B42EA32A23DEE700E68358 /* Beaties Watch App */ = {
			isa = PBXGroup;
			children = (
				0489D5432A23EA870079932E /* Beaties Watch App.entitlements */,
				04B42EA42A23DEE700E68358 /* BeatiesApp.swift */,
				04B42EA82A23DEE800E68358 /* Assets.xcassets */,
				04B42EAA2A23DEE800E68358 /* Preview Content */,
			);
			path = "Beaties Watch App";
			sourceTree = "<group>";
		};
		04B42EAA2A23DEE800E68358 /* Preview Content */ = {
			isa = PBXGroup;
			children = (
				04B42EAB2A23DEE800E68358 /* Preview Assets.xcassets */,
			);
			path = "Preview Content";
			sourceTree = "<group>";
		};
		04EFFEFB2A26CC6F008F5358 /* Complication */ = {
			isa = PBXGroup;
			children = (
				04EFFEFC2A26CC6F008F5358 /* Complication.swift */,
				04EFFEFE2A26CC70008F5358 /* Assets.xcassets */,
				04EFFF002A26CC70008F5358 /* Info.plist */,
			);
			path = Complication;
			sourceTree = "<group>";
		};
/* End PBXGroup section */

/* Begin PBXHeadersBuildPhase section */
		041CBB5D2A3011F700A21EEB /* Headers */ = {
			isa = PBXHeadersBuildPhase;
			buildActionMask = 2147483647;
			files = (
			);
			runOnlyForDeploymentPostprocessing = 0;
		};
		0489D5172A23DF790079932E /* Headers */ = {
			isa = PBXHeadersBuildPhase;
			buildActionMask = 2147483647;
			files = (
			);
			runOnlyForDeploymentPostprocessing = 0;
		};
		0489D5442A23EAE10079932E /* Headers */ = {
			isa = PBXHeadersBuildPhase;
			buildActionMask = 2147483647;
			files = (
			);
			runOnlyForDeploymentPostprocessing = 0;
		};
/* End PBXHeadersBuildPhase section */

/* Begin PBXNativeTarget section */
		041CBB612A3011F700A21EEB /* DailyChart */ = {
			isa = PBXNativeTarget;
			buildConfigurationList = 041CBB662A3011F800A21EEB /* Build configuration list for PBXNativeTarget "DailyChart" */;
			buildPhases = (
				041CBB5D2A3011F700A21EEB /* Headers */,
				041CBB5E2A3011F700A21EEB /* Sources */,
				041CBB5F2A3011F700A21EEB /* Frameworks */,
				041CBB602A3011F700A21EEB /* Resources */,
				041CBB742A30145500A21EEB /* Embed Frameworks */,
			);
			buildRules = (
			);
			dependencies = (
				041CBB732A30145500A21EEB /* PBXTargetDependency */,
			);
			name = DailyChart;
			productName = DailyChart;
			productReference = 041CBB622A3011F800A21EEB /* DailyChart.framework */;
			productType = "com.apple.product-type.framework";
		};
		0489D51B2A23DF790079932E /* HealthConnect */ = {
			isa = PBXNativeTarget;
			buildConfigurationList = 0489D52B2A23DF790079932E /* Build configuration list for PBXNativeTarget "HealthConnect" */;
			buildPhases = (
				0489D5172A23DF790079932E /* Headers */,
				0489D5182A23DF790079932E /* Sources */,
				0489D5192A23DF790079932E /* Frameworks */,
				0489D51A2A23DF790079932E /* Resources */,
			);
			buildRules = (
			);
			dependencies = (
			);
			name = HealthConnect;
			productName = HealthConnect;
			productReference = 0489D51C2A23DF790079932E /* HealthConnect.framework */;
			productType = "com.apple.product-type.framework";
		};
		0489D5222A23DF790079932E /* HealthConnectTests */ = {
			isa = PBXNativeTarget;
			buildConfigurationList = 0489D52E2A23DF790079932E /* Build configuration list for PBXNativeTarget "HealthConnectTests" */;
			buildPhases = (
				0489D51F2A23DF790079932E /* Sources */,
				0489D5202A23DF790079932E /* Frameworks */,
				0489D5212A23DF790079932E /* Resources */,
			);
			buildRules = (
			);
			dependencies = (
				0489D5262A23DF790079932E /* PBXTargetDependency */,
			);
			name = HealthConnectTests;
			productName = HealthConnectTests;
			productReference = 0489D5232A23DF790079932E /* HealthConnectTests.xctest */;
			productType = "com.apple.product-type.bundle.unit-test";
		};
		0489D5482A23EAE10079932E /* TopLevel */ = {
			isa = PBXNativeTarget;
			buildConfigurationList = 0489D54D2A23EAE10079932E /* Build configuration list for PBXNativeTarget "TopLevel" */;
			buildPhases = (
				0489D5442A23EAE10079932E /* Headers */,
				0489D5452A23EAE10079932E /* Sources */,
				0489D5462A23EAE10079932E /* Frameworks */,
				0489D5472A23EAE10079932E /* Resources */,
				04EFFEEF2A269BB4008F5358 /* Embed Frameworks */,
			);
			buildRules = (
			);
			dependencies = (
				04EFFEEE2A269BB4008F5358 /* PBXTargetDependency */,
				041CBB782A30146100A21EEB /* PBXTargetDependency */,
			);
			name = TopLevel;
			productName = TopLevel;
			productReference = 0489D5492A23EAE10079932E /* TopLevel.framework */;
			productType = "com.apple.product-type.framework";
		};
		04B42E982A23DEE700E68358 /* Beaties */ = {
			isa = PBXNativeTarget;
			buildConfigurationList = 04B42EB32A23DEE800E68358 /* Build configuration list for PBXNativeTarget "Beaties" */;
			buildPhases = (
				04B42E972A23DEE700E68358 /* Resources */,
				04B42EB22A23DEE800E68358 /* Embed Watch Content */,
			);
			buildRules = (
			);
			dependencies = (
				04B42EA22A23DEE700E68358 /* PBXTargetDependency */,
			);
			name = Beaties;
			productName = Beaties;
			productReference = 04B42E992A23DEE700E68358 /* Beaties.app */;
			productType = "com.apple.product-type.application.watchapp2-container";
		};
		04B42E9E2A23DEE700E68358 /* Beaties Watch App */ = {
			isa = PBXNativeTarget;
			buildConfigurationList = 04B42EAF2A23DEE800E68358 /* Build configuration list for PBXNativeTarget "Beaties Watch App" */;
			buildPhases = (
				04B42E9B2A23DEE700E68358 /* Sources */,
				04B42E9C2A23DEE700E68358 /* Frameworks */,
				04B42E9D2A23DEE700E68358 /* Resources */,
				0489D5382A23E0420079932E /* Embed Frameworks */,
				04EFFF072A26CC70008F5358 /* Embed Foundation Extensions */,
			);
			buildRules = (
			);
			dependencies = (
				0489D5372A23E0420079932E /* PBXTargetDependency */,
				0489D5562A23ECBA0079932E /* PBXTargetDependency */,
				04EFFF022A26CC70008F5358 /* PBXTargetDependency */,
			);
			name = "Beaties Watch App";
			productName = "Beaties Watch App";
			productReference = 04B42E9F2A23DEE700E68358 /* Beaties Watch App.app */;
			productType = "com.apple.product-type.application";
		};
		04EFFEF52A26CC6F008F5358 /* ComplicationExtension */ = {
			isa = PBXNativeTarget;
			buildConfigurationList = 04EFFF042A26CC70008F5358 /* Build configuration list for PBXNativeTarget "ComplicationExtension" */;
			buildPhases = (
				04EFFEF22A26CC6F008F5358 /* Sources */,
				04EFFEF32A26CC6F008F5358 /* Frameworks */,
				04EFFEF42A26CC6F008F5358 /* Resources */,
			);
			buildRules = (
			);
			dependencies = (
			);
			name = ComplicationExtension;
			productName = ComplicationExtension;
			productReference = 04EFFEF62A26CC6F008F5358 /* ComplicationExtension.appex */;
			productType = "com.apple.product-type.app-extension";
		};
/* End PBXNativeTarget section */

/* Begin PBXProject section */
		04B42E932A23DEE700E68358 /* Project object */ = {
			isa = PBXProject;
			attributes = {
				BuildIndependentTargetsInParallel = 1;
				LastSwiftUpdateCheck = 1430;
				LastUpgradeCheck = 1430;
				ORGANIZATIONNAME = "Cocoatype, LLC";
				TargetAttributes = {
					041CBB612A3011F700A21EEB = {
						CreatedOnToolsVersion = 15.0;
					};
					0489D51B2A23DF790079932E = {
						CreatedOnToolsVersion = 14.3;
						LastSwiftMigration = 1430;
					};
					0489D5222A23DF790079932E = {
						CreatedOnToolsVersion = 14.3;
						LastSwiftMigration = 1430;
					};
					0489D5482A23EAE10079932E = {
						CreatedOnToolsVersion = 14.3;
						LastSwiftMigration = 1430;
					};
					04B42E982A23DEE700E68358 = {
						CreatedOnToolsVersion = 14.3;
					};
					04B42E9E2A23DEE700E68358 = {
						CreatedOnToolsVersion = 14.3;
					};
					04EFFEF52A26CC6F008F5358 = {
						CreatedOnToolsVersion = 14.3;
					};
				};
			};
			buildConfigurationList = 04B42E962A23DEE700E68358 /* Build configuration list for PBXProject "Beaties" */;
			compatibilityVersion = "Xcode 14.0";
			developmentRegion = en;
			hasScannedForEncodings = 0;
			knownRegions = (
				en,
				Base,
			);
			mainGroup = 04B42E922A23DEE700E68358;
			productRefGroup = 04B42E9A2A23DEE700E68358 /* Products */;
			projectDirPath = "";
			projectRoot = "";
			targets = (
				04B42E982A23DEE700E68358 /* Beaties */,
				04B42E9E2A23DEE700E68358 /* Beaties Watch App */,
				0489D51B2A23DF790079932E /* HealthConnect */,
				0489D5222A23DF790079932E /* HealthConnectTests */,
				0489D5482A23EAE10079932E /* TopLevel */,
				041CBB612A3011F700A21EEB /* DailyChart */,
				04EFFEF52A26CC6F008F5358 /* ComplicationExtension */,
			);
		};
/* End PBXProject section */

/* Begin PBXResourcesBuildPhase section */
		041CBB602A3011F700A21EEB /* Resources */ = {
			isa = PBXResourcesBuildPhase;
			buildActionMask = 2147483647;
			files = (
			);
			runOnlyForDeploymentPostprocessing = 0;
		};
		0489D51A2A23DF790079932E /* Resources */ = {
			isa = PBXResourcesBuildPhase;
			buildActionMask = 2147483647;
			files = (
			);
			runOnlyForDeploymentPostprocessing = 0;
		};
		0489D5212A23DF790079932E /* Resources */ = {
			isa = PBXResourcesBuildPhase;
			buildActionMask = 2147483647;
			files = (
			);
			runOnlyForDeploymentPostprocessing = 0;
		};
		0489D5472A23EAE10079932E /* Resources */ = {
			isa = PBXResourcesBuildPhase;
			buildActionMask = 2147483647;
			files = (
			);
			runOnlyForDeploymentPostprocessing = 0;
		};
		04B42E972A23DEE700E68358 /* Resources */ = {
			isa = PBXResourcesBuildPhase;
			buildActionMask = 2147483647;
			files = (
			);
			runOnlyForDeploymentPostprocessing = 0;
		};
		04B42E9D2A23DEE700E68358 /* Resources */ = {
			isa = PBXResourcesBuildPhase;
			buildActionMask = 2147483647;
			files = (
				04B42EAC2A23DEE800E68358 /* Preview Assets.xcassets in Resources */,
				04B42EA92A23DEE800E68358 /* Assets.xcassets in Resources */,
			);
			runOnlyForDeploymentPostprocessing = 0;
		};
		04EFFEF42A26CC6F008F5358 /* Resources */ = {
			isa = PBXResourcesBuildPhase;
			buildActionMask = 2147483647;
			files = (
				04EFFEFF2A26CC70008F5358 /* Assets.xcassets in Resources */,
			);
			runOnlyForDeploymentPostprocessing = 0;
		};
/* End PBXResourcesBuildPhase section */

/* Begin PBXSourcesBuildPhase section */
		041CBB5E2A3011F700A21EEB /* Sources */ = {
			isa = PBXSourcesBuildPhase;
			buildActionMask = 2147483647;
			files = (
				041CBB692A30121100A21EEB /* ChartView.swift in Sources */,
				041CBB6C2A3012DB00A21EEB /* ChartEntry.swift in Sources */,
			);
			runOnlyForDeploymentPostprocessing = 0;
		};
		0489D5182A23DF790079932E /* Sources */ = {
			isa = PBXSourcesBuildPhase;
			buildActionMask = 2147483647;
			files = (
				041CBB6F2A3013BB00A21EEB /* GlucoseSample.swift in Sources */,
				041CBB6A2A30124C00A21EEB /* RepositoryKey.swift in Sources */,
				0489D53E2A23E4860079932E /* AuthorizationStatus.swift in Sources */,
				0489D53A2A23E1A70079932E /* HealthRepository.swift in Sources */,
				0489D53C2A23E4450079932E /* Values.swift in Sources */,
				0489D5402A23E53F0079932E /* HealthStore.swift in Sources */,
			);
			runOnlyForDeploymentPostprocessing = 0;
		};
		0489D51F2A23DF790079932E /* Sources */ = {
			isa = PBXSourcesBuildPhase;
			buildActionMask = 2147483647;
			files = (
				0489D5422A23E5D20079932E /* HealthRepositoryTests.swift in Sources */,
			);
			runOnlyForDeploymentPostprocessing = 0;
		};
		0489D5452A23EAE10079932E /* Sources */ = {
			isa = PBXSourcesBuildPhase;
			buildActionMask = 2147483647;
			files = (
				0489D5522A23ECAC0079932E /* ContentView.swift in Sources */,
				0489D5582A23ED1B0079932E /* PrimaryView.swift in Sources */,
				0489D55D2A240B180079932E /* NumberValue.swift in Sources */,
				0489D55F2A240B330079932E /* NumberButton.swift in Sources */,
				04ABFC092A3A8F36001AACF7 /* PrimaryContainerBackgroundViewModifier.swift in Sources */,
				0489D55A2A23F49D0079932E /* EntryView.swift in Sources */,
			);
			runOnlyForDeploymentPostprocessing = 0;
		};
		04B42E9B2A23DEE700E68358 /* Sources */ = {
			isa = PBXSourcesBuildPhase;
			buildActionMask = 2147483647;
			files = (
				04B42EA52A23DEE700E68358 /* BeatiesApp.swift in Sources */,
			);
			runOnlyForDeploymentPostprocessing = 0;
		};
		04EFFEF22A26CC6F008F5358 /* Sources */ = {
			isa = PBXSourcesBuildPhase;
			buildActionMask = 2147483647;
			files = (
				04EFFEFD2A26CC6F008F5358 /* Complication.swift in Sources */,
			);
			runOnlyForDeploymentPostprocessing = 0;
		};
/* End PBXSourcesBuildPhase section */

/* Begin PBXTargetDependency section */
		041CBB732A30145500A21EEB /* PBXTargetDependency */ = {
			isa = PBXTargetDependency;
			target = 0489D51B2A23DF790079932E /* HealthConnect */;
			targetProxy = 041CBB722A30145500A21EEB /* PBXContainerItemProxy */;
		};
		041CBB782A30146100A21EEB /* PBXTargetDependency */ = {
			isa = PBXTargetDependency;
			target = 041CBB612A3011F700A21EEB /* DailyChart */;
			targetProxy = 041CBB772A30146100A21EEB /* PBXContainerItemProxy */;
		};
		0489D5262A23DF790079932E /* PBXTargetDependency */ = {
			isa = PBXTargetDependency;
			target = 0489D51B2A23DF790079932E /* HealthConnect */;
			targetProxy = 0489D5252A23DF790079932E /* PBXContainerItemProxy */;
		};
		0489D5372A23E0420079932E /* PBXTargetDependency */ = {
			isa = PBXTargetDependency;
			target = 0489D51B2A23DF790079932E /* HealthConnect */;
			targetProxy = 0489D5362A23E0420079932E /* PBXContainerItemProxy */;
		};
		0489D5562A23ECBA0079932E /* PBXTargetDependency */ = {
			isa = PBXTargetDependency;
			target = 0489D5482A23EAE10079932E /* TopLevel */;
			targetProxy = 0489D5552A23ECBA0079932E /* PBXContainerItemProxy */;
		};
		04B42EA22A23DEE700E68358 /* PBXTargetDependency */ = {
			isa = PBXTargetDependency;
			target = 04B42E9E2A23DEE700E68358 /* Beaties Watch App */;
			targetProxy = 04B42EA12A23DEE700E68358 /* PBXContainerItemProxy */;
		};
		04EFFEEE2A269BB4008F5358 /* PBXTargetDependency */ = {
			isa = PBXTargetDependency;
			target = 0489D51B2A23DF790079932E /* HealthConnect */;
			targetProxy = 04EFFEED2A269BB4008F5358 /* PBXContainerItemProxy */;
		};
		04EFFF022A26CC70008F5358 /* PBXTargetDependency */ = {
			isa = PBXTargetDependency;
			target = 04EFFEF52A26CC6F008F5358 /* ComplicationExtension */;
			targetProxy = 04EFFF012A26CC70008F5358 /* PBXContainerItemProxy */;
		};
/* End PBXTargetDependency section */

/* Begin XCBuildConfiguration section */
		041CBB672A3011F800A21EEB /* Debug */ = {
			isa = XCBuildConfiguration;
			buildSettings = {
				ASSETCATALOG_COMPILER_GENERATE_SWIFT_ASSET_SYMBOL_EXTENSIONS = YES;
				CODE_SIGN_STYLE = Automatic;
				CURRENT_PROJECT_VERSION = 1;
				DEFINES_MODULE = YES;
				DEVELOPMENT_TEAM = 287EDDET2B;
				DYLIB_COMPATIBILITY_VERSION = 1;
				DYLIB_CURRENT_VERSION = 1;
				DYLIB_INSTALL_NAME_BASE = "@rpath";
				ENABLE_MODULE_VERIFIER = YES;
				ENABLE_USER_SCRIPT_SANDBOXING = YES;
				GCC_C_LANGUAGE_STANDARD = gnu17;
				GENERATE_INFOPLIST_FILE = YES;
				INFOPLIST_KEY_NSHumanReadableCopyright = "Copyright © 2023 Cocoatype, LLC. All rights reserved.";
				INSTALL_PATH = "$(LOCAL_LIBRARY_DIR)/Frameworks";
				LD_RUNPATH_SEARCH_PATHS = (
					"$(inherited)",
					"@executable_path/Frameworks",
					"@loader_path/Frameworks",
				);
				LOCALIZATION_PREFERS_STRING_CATALOGS = YES;
				MARKETING_VERSION = 1.0;
				MODULE_VERIFIER_SUPPORTED_LANGUAGES = "objective-c objective-c++";
				MODULE_VERIFIER_SUPPORTED_LANGUAGE_STANDARDS = "gnu17 gnu++20";
				PRODUCT_BUNDLE_IDENTIFIER = com.cocoatype.DailyChart;
				PRODUCT_NAME = "$(TARGET_NAME:c99extidentifier)";
				SDKROOT = watchos;
				SKIP_INSTALL = YES;
				SWIFT_ACTIVE_COMPILATION_CONDITIONS = "DEBUG $(inherited)";
				SWIFT_EMIT_LOC_STRINGS = YES;
				SWIFT_VERSION = 5.0;
				TARGETED_DEVICE_FAMILY = 4;
				VERSIONING_SYSTEM = "apple-generic";
				VERSION_INFO_PREFIX = "";
			};
			name = Debug;
		};
		041CBB682A3011F800A21EEB /* Release */ = {
			isa = XCBuildConfiguration;
			buildSettings = {
				ASSETCATALOG_COMPILER_GENERATE_SWIFT_ASSET_SYMBOL_EXTENSIONS = YES;
				CODE_SIGN_STYLE = Automatic;
				CURRENT_PROJECT_VERSION = 1;
				DEFINES_MODULE = YES;
				DEVELOPMENT_TEAM = 287EDDET2B;
				DYLIB_COMPATIBILITY_VERSION = 1;
				DYLIB_CURRENT_VERSION = 1;
				DYLIB_INSTALL_NAME_BASE = "@rpath";
				ENABLE_MODULE_VERIFIER = YES;
				ENABLE_USER_SCRIPT_SANDBOXING = YES;
				GCC_C_LANGUAGE_STANDARD = gnu17;
				GENERATE_INFOPLIST_FILE = YES;
				INFOPLIST_KEY_NSHumanReadableCopyright = "Copyright © 2023 Cocoatype, LLC. All rights reserved.";
				INSTALL_PATH = "$(LOCAL_LIBRARY_DIR)/Frameworks";
				LD_RUNPATH_SEARCH_PATHS = (
					"$(inherited)",
					"@executable_path/Frameworks",
					"@loader_path/Frameworks",
				);
				LOCALIZATION_PREFERS_STRING_CATALOGS = YES;
				MARKETING_VERSION = 1.0;
				MODULE_VERIFIER_SUPPORTED_LANGUAGES = "objective-c objective-c++";
				MODULE_VERIFIER_SUPPORTED_LANGUAGE_STANDARDS = "gnu17 gnu++20";
				PRODUCT_BUNDLE_IDENTIFIER = com.cocoatype.DailyChart;
				PRODUCT_NAME = "$(TARGET_NAME:c99extidentifier)";
				SDKROOT = watchos;
				SKIP_INSTALL = YES;
				SWIFT_EMIT_LOC_STRINGS = YES;
				SWIFT_VERSION = 5.0;
				TARGETED_DEVICE_FAMILY = 4;
				VALIDATE_PRODUCT = YES;
				VERSIONING_SYSTEM = "apple-generic";
				VERSION_INFO_PREFIX = "";
			};
			name = Release;
		};
		0489D52C2A23DF790079932E /* Debug */ = {
			isa = XCBuildConfiguration;
			buildSettings = {
				CLANG_ENABLE_MODULES = YES;
				CODE_SIGN_STYLE = Automatic;
				CURRENT_PROJECT_VERSION = 1;
				DEFINES_MODULE = YES;
				DEVELOPMENT_TEAM = 287EDDET2B;
				DYLIB_COMPATIBILITY_VERSION = 1;
				DYLIB_CURRENT_VERSION = 1;
				DYLIB_INSTALL_NAME_BASE = "@rpath";
				ENABLE_MODULE_VERIFIER = YES;
				GENERATE_INFOPLIST_FILE = YES;
				INFOPLIST_KEY_NSHumanReadableCopyright = "";
				INSTALL_PATH = "$(LOCAL_LIBRARY_DIR)/Frameworks";
				LD_RUNPATH_SEARCH_PATHS = (
					"$(inherited)",
					"@executable_path/Frameworks",
					"@loader_path/Frameworks",
				);
				MARKETING_VERSION = 1.0;
				MODULE_VERIFIER_SUPPORTED_LANGUAGES = "objective-c objective-c++";
				MODULE_VERIFIER_SUPPORTED_LANGUAGE_STANDARDS = "gnu11 gnu++20";
				PRODUCT_BUNDLE_IDENTIFIER = com.cocoatype.HealthConnect;
				PRODUCT_NAME = "$(TARGET_NAME:c99extidentifier)";
				SDKROOT = watchos;
				SKIP_INSTALL = YES;
				SWIFT_EMIT_LOC_STRINGS = YES;
				SWIFT_OPTIMIZATION_LEVEL = "-Onone";
				SWIFT_VERSION = 5.0;
				TARGETED_DEVICE_FAMILY = 4;
				VERSIONING_SYSTEM = "apple-generic";
				VERSION_INFO_PREFIX = "";
			};
			name = Debug;
		};
		0489D52D2A23DF790079932E /* Release */ = {
			isa = XCBuildConfiguration;
			buildSettings = {
				CLANG_ENABLE_MODULES = YES;
				CODE_SIGN_STYLE = Automatic;
				CURRENT_PROJECT_VERSION = 1;
				DEFINES_MODULE = YES;
				DEVELOPMENT_TEAM = 287EDDET2B;
				DYLIB_COMPATIBILITY_VERSION = 1;
				DYLIB_CURRENT_VERSION = 1;
				DYLIB_INSTALL_NAME_BASE = "@rpath";
				ENABLE_MODULE_VERIFIER = YES;
				GENERATE_INFOPLIST_FILE = YES;
				INFOPLIST_KEY_NSHumanReadableCopyright = "";
				INSTALL_PATH = "$(LOCAL_LIBRARY_DIR)/Frameworks";
				LD_RUNPATH_SEARCH_PATHS = (
					"$(inherited)",
					"@executable_path/Frameworks",
					"@loader_path/Frameworks",
				);
				MARKETING_VERSION = 1.0;
				MODULE_VERIFIER_SUPPORTED_LANGUAGES = "objective-c objective-c++";
				MODULE_VERIFIER_SUPPORTED_LANGUAGE_STANDARDS = "gnu11 gnu++20";
				PRODUCT_BUNDLE_IDENTIFIER = com.cocoatype.HealthConnect;
				PRODUCT_NAME = "$(TARGET_NAME:c99extidentifier)";
				SDKROOT = watchos;
				SKIP_INSTALL = YES;
				SWIFT_EMIT_LOC_STRINGS = YES;
				SWIFT_VERSION = 5.0;
				TARGETED_DEVICE_FAMILY = 4;
				VALIDATE_PRODUCT = YES;
				VERSIONING_SYSTEM = "apple-generic";
				VERSION_INFO_PREFIX = "";
			};
			name = Release;
		};
		0489D52F2A23DF790079932E /* Debug */ = {
			isa = XCBuildConfiguration;
			buildSettings = {
				ALWAYS_EMBED_SWIFT_STANDARD_LIBRARIES = YES;
				CLANG_ENABLE_MODULES = YES;
				CODE_SIGN_STYLE = Automatic;
				CURRENT_PROJECT_VERSION = 1;
				DEVELOPMENT_TEAM = 287EDDET2B;
				GENERATE_INFOPLIST_FILE = YES;
				MARKETING_VERSION = 1.0;
				PRODUCT_BUNDLE_IDENTIFIER = com.cocoatype.HealthConnectTests;
				PRODUCT_NAME = "$(TARGET_NAME)";
				SDKROOT = watchos;
				SWIFT_EMIT_LOC_STRINGS = NO;
				SWIFT_OPTIMIZATION_LEVEL = "-Onone";
				SWIFT_VERSION = 5.0;
				TARGETED_DEVICE_FAMILY = 4;
			};
			name = Debug;
		};
		0489D5302A23DF790079932E /* Release */ = {
			isa = XCBuildConfiguration;
			buildSettings = {
				ALWAYS_EMBED_SWIFT_STANDARD_LIBRARIES = YES;
				CLANG_ENABLE_MODULES = YES;
				CODE_SIGN_STYLE = Automatic;
				CURRENT_PROJECT_VERSION = 1;
				DEVELOPMENT_TEAM = 287EDDET2B;
				GENERATE_INFOPLIST_FILE = YES;
				MARKETING_VERSION = 1.0;
				PRODUCT_BUNDLE_IDENTIFIER = com.cocoatype.HealthConnectTests;
				PRODUCT_NAME = "$(TARGET_NAME)";
				SDKROOT = watchos;
				SWIFT_EMIT_LOC_STRINGS = NO;
				SWIFT_VERSION = 5.0;
				TARGETED_DEVICE_FAMILY = 4;
				VALIDATE_PRODUCT = YES;
			};
			name = Release;
		};
		0489D54E2A23EAE10079932E /* Debug */ = {
			isa = XCBuildConfiguration;
			buildSettings = {
				CLANG_ENABLE_MODULES = YES;
				CODE_SIGN_STYLE = Automatic;
				CURRENT_PROJECT_VERSION = 1;
				DEFINES_MODULE = YES;
				DEVELOPMENT_TEAM = 287EDDET2B;
				DYLIB_COMPATIBILITY_VERSION = 1;
				DYLIB_CURRENT_VERSION = 1;
				DYLIB_INSTALL_NAME_BASE = "@rpath";
				ENABLE_MODULE_VERIFIER = YES;
				GENERATE_INFOPLIST_FILE = YES;
				INFOPLIST_KEY_NSHumanReadableCopyright = "Copyright © 2023 Cocoatype, LLC. All rights reserved.";
				INSTALL_PATH = "$(LOCAL_LIBRARY_DIR)/Frameworks";
				LD_RUNPATH_SEARCH_PATHS = (
					"$(inherited)",
					"@executable_path/Frameworks",
					"@loader_path/Frameworks",
				);
				MARKETING_VERSION = 1.0;
				MODULE_VERIFIER_SUPPORTED_LANGUAGES = "objective-c objective-c++";
				MODULE_VERIFIER_SUPPORTED_LANGUAGE_STANDARDS = "gnu11 gnu++20";
				PRODUCT_BUNDLE_IDENTIFIER = com.cocoatype.TopLevel;
				PRODUCT_NAME = "$(TARGET_NAME:c99extidentifier)";
				SDKROOT = watchos;
				SKIP_INSTALL = YES;
				SWIFT_EMIT_LOC_STRINGS = YES;
				SWIFT_OPTIMIZATION_LEVEL = "-Onone";
				SWIFT_VERSION = 5.0;
				TARGETED_DEVICE_FAMILY = 4;
				VERSIONING_SYSTEM = "apple-generic";
				VERSION_INFO_PREFIX = "";
			};
			name = Debug;
		};
		0489D54F2A23EAE10079932E /* Release */ = {
			isa = XCBuildConfiguration;
			buildSettings = {
				CLANG_ENABLE_MODULES = YES;
				CODE_SIGN_STYLE = Automatic;
				CURRENT_PROJECT_VERSION = 1;
				DEFINES_MODULE = YES;
				DEVELOPMENT_TEAM = 287EDDET2B;
				DYLIB_COMPATIBILITY_VERSION = 1;
				DYLIB_CURRENT_VERSION = 1;
				DYLIB_INSTALL_NAME_BASE = "@rpath";
				ENABLE_MODULE_VERIFIER = YES;
				GENERATE_INFOPLIST_FILE = YES;
				INFOPLIST_KEY_NSHumanReadableCopyright = "Copyright © 2023 Cocoatype, LLC. All rights reserved.";
				INSTALL_PATH = "$(LOCAL_LIBRARY_DIR)/Frameworks";
				LD_RUNPATH_SEARCH_PATHS = (
					"$(inherited)",
					"@executable_path/Frameworks",
					"@loader_path/Frameworks",
				);
				MARKETING_VERSION = 1.0;
				MODULE_VERIFIER_SUPPORTED_LANGUAGES = "objective-c objective-c++";
				MODULE_VERIFIER_SUPPORTED_LANGUAGE_STANDARDS = "gnu11 gnu++20";
				PRODUCT_BUNDLE_IDENTIFIER = com.cocoatype.TopLevel;
				PRODUCT_NAME = "$(TARGET_NAME:c99extidentifier)";
				SDKROOT = watchos;
				SKIP_INSTALL = YES;
				SWIFT_EMIT_LOC_STRINGS = YES;
				SWIFT_VERSION = 5.0;
				TARGETED_DEVICE_FAMILY = 4;
				VALIDATE_PRODUCT = YES;
				VERSIONING_SYSTEM = "apple-generic";
				VERSION_INFO_PREFIX = "";
			};
			name = Release;
		};
		04B42EAD2A23DEE800E68358 /* Debug */ = {
			isa = XCBuildConfiguration;
			buildSettings = {
				ALWAYS_SEARCH_USER_PATHS = NO;
				CLANG_ANALYZER_NONNULL = YES;
				CLANG_ANALYZER_NUMBER_OBJECT_CONVERSION = YES_AGGRESSIVE;
				CLANG_CXX_LANGUAGE_STANDARD = "gnu++20";
				CLANG_ENABLE_MODULES = YES;
				CLANG_ENABLE_OBJC_ARC = YES;
				CLANG_ENABLE_OBJC_WEAK = YES;
				CLANG_WARN_BLOCK_CAPTURE_AUTORELEASING = YES;
				CLANG_WARN_BOOL_CONVERSION = YES;
				CLANG_WARN_COMMA = YES;
				CLANG_WARN_CONSTANT_CONVERSION = YES;
				CLANG_WARN_DEPRECATED_OBJC_IMPLEMENTATIONS = YES;
				CLANG_WARN_DIRECT_OBJC_ISA_USAGE = YES_ERROR;
				CLANG_WARN_DOCUMENTATION_COMMENTS = YES;
				CLANG_WARN_EMPTY_BODY = YES;
				CLANG_WARN_ENUM_CONVERSION = YES;
				CLANG_WARN_INFINITE_RECURSION = YES;
				CLANG_WARN_INT_CONVERSION = YES;
				CLANG_WARN_NON_LITERAL_NULL_CONVERSION = YES;
				CLANG_WARN_OBJC_IMPLICIT_RETAIN_SELF = YES;
				CLANG_WARN_OBJC_LITERAL_CONVERSION = YES;
				CLANG_WARN_OBJC_ROOT_CLASS = YES_ERROR;
				CLANG_WARN_QUOTED_INCLUDE_IN_FRAMEWORK_HEADER = YES;
				CLANG_WARN_RANGE_LOOP_ANALYSIS = YES;
				CLANG_WARN_STRICT_PROTOTYPES = YES;
				CLANG_WARN_SUSPICIOUS_MOVE = YES;
				CLANG_WARN_UNGUARDED_AVAILABILITY = YES_AGGRESSIVE;
				CLANG_WARN_UNREACHABLE_CODE = YES;
				CLANG_WARN__DUPLICATE_METHOD_MATCH = YES;
				COPY_PHASE_STRIP = NO;
				DEBUG_INFORMATION_FORMAT = dwarf;
				ENABLE_STRICT_OBJC_MSGSEND = YES;
				ENABLE_TESTABILITY = YES;
				GCC_C_LANGUAGE_STANDARD = gnu11;
				GCC_DYNAMIC_NO_PIC = NO;
				GCC_NO_COMMON_BLOCKS = YES;
				GCC_OPTIMIZATION_LEVEL = 0;
				GCC_PREPROCESSOR_DEFINITIONS = (
					"DEBUG=1",
					"$(inherited)",
				);
				GCC_WARN_64_TO_32_BIT_CONVERSION = YES;
				GCC_WARN_ABOUT_RETURN_TYPE = YES_ERROR;
				GCC_WARN_UNDECLARED_SELECTOR = YES;
				GCC_WARN_UNINITIALIZED_AUTOS = YES_AGGRESSIVE;
				GCC_WARN_UNUSED_FUNCTION = YES;
				GCC_WARN_UNUSED_VARIABLE = YES;
				INFOPLIST_KEY_NSHealthShareUsageDescription = "Beaties needs to read your blood glucose data.";
				INFOPLIST_KEY_NSHealthUpdateUsageDescription = "Beaties needs to be able to update your blood glucose data.";
				MTL_ENABLE_DEBUG_INFO = INCLUDE_SOURCE;
				MTL_FAST_MATH = YES;
				ONLY_ACTIVE_ARCH = YES;
				SWIFT_ACTIVE_COMPILATION_CONDITIONS = DEBUG;
				SWIFT_OPTIMIZATION_LEVEL = "-Onone";
				WATCHOS_DEPLOYMENT_TARGET = 9.0;
			};
			name = Debug;
		};
		04B42EAE2A23DEE800E68358 /* Release */ = {
			isa = XCBuildConfiguration;
			buildSettings = {
				ALWAYS_SEARCH_USER_PATHS = NO;
				CLANG_ANALYZER_NONNULL = YES;
				CLANG_ANALYZER_NUMBER_OBJECT_CONVERSION = YES_AGGRESSIVE;
				CLANG_CXX_LANGUAGE_STANDARD = "gnu++20";
				CLANG_ENABLE_MODULES = YES;
				CLANG_ENABLE_OBJC_ARC = YES;
				CLANG_ENABLE_OBJC_WEAK = YES;
				CLANG_WARN_BLOCK_CAPTURE_AUTORELEASING = YES;
				CLANG_WARN_BOOL_CONVERSION = YES;
				CLANG_WARN_COMMA = YES;
				CLANG_WARN_CONSTANT_CONVERSION = YES;
				CLANG_WARN_DEPRECATED_OBJC_IMPLEMENTATIONS = YES;
				CLANG_WARN_DIRECT_OBJC_ISA_USAGE = YES_ERROR;
				CLANG_WARN_DOCUMENTATION_COMMENTS = YES;
				CLANG_WARN_EMPTY_BODY = YES;
				CLANG_WARN_ENUM_CONVERSION = YES;
				CLANG_WARN_INFINITE_RECURSION = YES;
				CLANG_WARN_INT_CONVERSION = YES;
				CLANG_WARN_NON_LITERAL_NULL_CONVERSION = YES;
				CLANG_WARN_OBJC_IMPLICIT_RETAIN_SELF = YES;
				CLANG_WARN_OBJC_LITERAL_CONVERSION = YES;
				CLANG_WARN_OBJC_ROOT_CLASS = YES_ERROR;
				CLANG_WARN_QUOTED_INCLUDE_IN_FRAMEWORK_HEADER = YES;
				CLANG_WARN_RANGE_LOOP_ANALYSIS = YES;
				CLANG_WARN_STRICT_PROTOTYPES = YES;
				CLANG_WARN_SUSPICIOUS_MOVE = YES;
				CLANG_WARN_UNGUARDED_AVAILABILITY = YES_AGGRESSIVE;
				CLANG_WARN_UNREACHABLE_CODE = YES;
				CLANG_WARN__DUPLICATE_METHOD_MATCH = YES;
				COPY_PHASE_STRIP = NO;
				DEBUG_INFORMATION_FORMAT = "dwarf-with-dsym";
				ENABLE_NS_ASSERTIONS = NO;
				ENABLE_STRICT_OBJC_MSGSEND = YES;
				GCC_C_LANGUAGE_STANDARD = gnu11;
				GCC_NO_COMMON_BLOCKS = YES;
				GCC_WARN_64_TO_32_BIT_CONVERSION = YES;
				GCC_WARN_ABOUT_RETURN_TYPE = YES_ERROR;
				GCC_WARN_UNDECLARED_SELECTOR = YES;
				GCC_WARN_UNINITIALIZED_AUTOS = YES_AGGRESSIVE;
				GCC_WARN_UNUSED_FUNCTION = YES;
				GCC_WARN_UNUSED_VARIABLE = YES;
				INFOPLIST_KEY_NSHealthShareUsageDescription = "Beaties needs to read your blood glucose data.";
				INFOPLIST_KEY_NSHealthUpdateUsageDescription = "Beaties needs to be able to update your blood glucose data.";
				MTL_ENABLE_DEBUG_INFO = NO;
				MTL_FAST_MATH = YES;
				SWIFT_COMPILATION_MODE = wholemodule;
				SWIFT_OPTIMIZATION_LEVEL = "-O";
				WATCHOS_DEPLOYMENT_TARGET = 9.0;
			};
			name = Release;
		};
		04B42EB02A23DEE800E68358 /* Debug */ = {
			isa = XCBuildConfiguration;
			buildSettings = {
				ALWAYS_EMBED_SWIFT_STANDARD_LIBRARIES = YES;
				ASSETCATALOG_COMPILER_APPICON_NAME = AppIcon;
				ASSETCATALOG_COMPILER_GLOBAL_ACCENT_COLOR_NAME = AccentColor;
				CODE_SIGN_ENTITLEMENTS = "Beaties Watch App/Beaties Watch App.entitlements";
				CODE_SIGN_STYLE = Automatic;
				CURRENT_PROJECT_VERSION = 1;
				DEVELOPMENT_ASSET_PATHS = "\"Beaties Watch App/Preview Content\"";
				DEVELOPMENT_TEAM = 287EDDET2B;
				ENABLE_PREVIEWS = YES;
				GENERATE_INFOPLIST_FILE = YES;
				INFOPLIST_KEY_CFBundleDisplayName = Beaties;
				INFOPLIST_KEY_UISupportedInterfaceOrientations = "UIInterfaceOrientationPortrait UIInterfaceOrientationPortraitUpsideDown";
				INFOPLIST_KEY_WKWatchOnly = YES;
				LD_RUNPATH_SEARCH_PATHS = (
					"$(inherited)",
					"@executable_path/Frameworks",
				);
				MARKETING_VERSION = 1.0;
				PRODUCT_BUNDLE_IDENTIFIER = com.cocoatype.Beaties.watchkitapp;
				PRODUCT_NAME = "$(TARGET_NAME)";
				SDKROOT = watchos;
				SKIP_INSTALL = YES;
				SWIFT_EMIT_LOC_STRINGS = YES;
				SWIFT_VERSION = 5.0;
				TARGETED_DEVICE_FAMILY = 4;
			};
			name = Debug;
		};
		04B42EB12A23DEE800E68358 /* Release */ = {
			isa = XCBuildConfiguration;
			buildSettings = {
				ALWAYS_EMBED_SWIFT_STANDARD_LIBRARIES = YES;
				ASSETCATALOG_COMPILER_APPICON_NAME = AppIcon;
				ASSETCATALOG_COMPILER_GLOBAL_ACCENT_COLOR_NAME = AccentColor;
				CODE_SIGN_ENTITLEMENTS = "Beaties Watch App/Beaties Watch App.entitlements";
				CODE_SIGN_STYLE = Automatic;
				CURRENT_PROJECT_VERSION = 1;
				DEVELOPMENT_ASSET_PATHS = "\"Beaties Watch App/Preview Content\"";
				DEVELOPMENT_TEAM = 287EDDET2B;
				ENABLE_PREVIEWS = YES;
				GENERATE_INFOPLIST_FILE = YES;
				INFOPLIST_KEY_CFBundleDisplayName = Beaties;
				INFOPLIST_KEY_UISupportedInterfaceOrientations = "UIInterfaceOrientationPortrait UIInterfaceOrientationPortraitUpsideDown";
				INFOPLIST_KEY_WKWatchOnly = YES;
				LD_RUNPATH_SEARCH_PATHS = (
					"$(inherited)",
					"@executable_path/Frameworks",
				);
				MARKETING_VERSION = 1.0;
				PRODUCT_BUNDLE_IDENTIFIER = com.cocoatype.Beaties.watchkitapp;
				PRODUCT_NAME = "$(TARGET_NAME)";
				SDKROOT = watchos;
				SKIP_INSTALL = YES;
				SWIFT_EMIT_LOC_STRINGS = YES;
				SWIFT_VERSION = 5.0;
				TARGETED_DEVICE_FAMILY = 4;
				VALIDATE_PRODUCT = YES;
			};
			name = Release;
		};
		04B42EB42A23DEE800E68358 /* Debug */ = {
			isa = XCBuildConfiguration;
			buildSettings = {
				ALWAYS_EMBED_SWIFT_STANDARD_LIBRARIES = YES;
				CODE_SIGN_STYLE = Automatic;
				CURRENT_PROJECT_VERSION = 1;
				DEVELOPMENT_TEAM = 287EDDET2B;
				INFOPLIST_KEY_CFBundleDisplayName = Beaties;
				MARKETING_VERSION = 1.0;
				PRODUCT_BUNDLE_IDENTIFIER = com.cocoatype.Beaties;
				PRODUCT_NAME = "$(TARGET_NAME)";
				SDKROOT = iphoneos;
				SWIFT_VERSION = 5.0;
			};
			name = Debug;
		};
		04B42EB52A23DEE800E68358 /* Release */ = {
			isa = XCBuildConfiguration;
			buildSettings = {
				ALWAYS_EMBED_SWIFT_STANDARD_LIBRARIES = YES;
				CODE_SIGN_STYLE = Automatic;
				CURRENT_PROJECT_VERSION = 1;
				DEVELOPMENT_TEAM = 287EDDET2B;
				INFOPLIST_KEY_CFBundleDisplayName = Beaties;
				MARKETING_VERSION = 1.0;
				PRODUCT_BUNDLE_IDENTIFIER = com.cocoatype.Beaties;
				PRODUCT_NAME = "$(TARGET_NAME)";
				SDKROOT = iphoneos;
				SWIFT_VERSION = 5.0;
				VALIDATE_PRODUCT = YES;
			};
			name = Release;
		};
		04EFFF052A26CC70008F5358 /* Debug */ = {
			isa = XCBuildConfiguration;
			buildSettings = {
				ASSETCATALOG_COMPILER_GLOBAL_ACCENT_COLOR_NAME = AccentColor;
				ASSETCATALOG_COMPILER_WIDGET_BACKGROUND_COLOR_NAME = WidgetBackground;
				CODE_SIGN_STYLE = Automatic;
				CURRENT_PROJECT_VERSION = 1;
				DEVELOPMENT_TEAM = 287EDDET2B;
				GENERATE_INFOPLIST_FILE = YES;
				INFOPLIST_FILE = Complication/Info.plist;
				INFOPLIST_KEY_CFBundleDisplayName = Complication;
				INFOPLIST_KEY_NSHumanReadableCopyright = "Copyright © 2023 Cocoatype, LLC. All rights reserved.";
				LD_RUNPATH_SEARCH_PATHS = (
					"$(inherited)",
					"@executable_path/Frameworks",
					"@executable_path/../../Frameworks",
					"@executable_path/../../../../Frameworks",
				);
				MARKETING_VERSION = 1.0;
				PRODUCT_BUNDLE_IDENTIFIER = com.cocoatype.Beaties.watchkitapp.Complication;
				PRODUCT_NAME = "$(TARGET_NAME)";
				SDKROOT = watchos;
				SKIP_INSTALL = YES;
				SWIFT_EMIT_LOC_STRINGS = YES;
				SWIFT_VERSION = 5.0;
				TARGETED_DEVICE_FAMILY = 4;
			};
			name = Debug;
		};
		04EFFF062A26CC70008F5358 /* Release */ = {
			isa = XCBuildConfiguration;
			buildSettings = {
				ASSETCATALOG_COMPILER_GLOBAL_ACCENT_COLOR_NAME = AccentColor;
				ASSETCATALOG_COMPILER_WIDGET_BACKGROUND_COLOR_NAME = WidgetBackground;
				CODE_SIGN_STYLE = Automatic;
				CURRENT_PROJECT_VERSION = 1;
				DEVELOPMENT_TEAM = 287EDDET2B;
				GENERATE_INFOPLIST_FILE = YES;
				INFOPLIST_FILE = Complication/Info.plist;
				INFOPLIST_KEY_CFBundleDisplayName = Complication;
				INFOPLIST_KEY_NSHumanReadableCopyright = "Copyright © 2023 Cocoatype, LLC. All rights reserved.";
				LD_RUNPATH_SEARCH_PATHS = (
					"$(inherited)",
					"@executable_path/Frameworks",
					"@executable_path/../../Frameworks",
					"@executable_path/../../../../Frameworks",
				);
				MARKETING_VERSION = 1.0;
				PRODUCT_BUNDLE_IDENTIFIER = com.cocoatype.Beaties.watchkitapp.Complication;
				PRODUCT_NAME = "$(TARGET_NAME)";
				SDKROOT = watchos;
				SKIP_INSTALL = YES;
				SWIFT_EMIT_LOC_STRINGS = YES;
				SWIFT_VERSION = 5.0;
				TARGETED_DEVICE_FAMILY = 4;
				VALIDATE_PRODUCT = YES;
			};
			name = Release;
		};
/* End XCBuildConfiguration section */

/* Begin XCConfigurationList section */
		041CBB662A3011F800A21EEB /* Build configuration list for PBXNativeTarget "DailyChart" */ = {
			isa = XCConfigurationList;
			buildConfigurations = (
				041CBB672A3011F800A21EEB /* Debug */,
				041CBB682A3011F800A21EEB /* Release */,
			);
			defaultConfigurationIsVisible = 0;
			defaultConfigurationName = Release;
		};
		0489D52B2A23DF790079932E /* Build configuration list for PBXNativeTarget "HealthConnect" */ = {
			isa = XCConfigurationList;
			buildConfigurations = (
				0489D52C2A23DF790079932E /* Debug */,
				0489D52D2A23DF790079932E /* Release */,
			);
			defaultConfigurationIsVisible = 0;
			defaultConfigurationName = Release;
		};
		0489D52E2A23DF790079932E /* Build configuration list for PBXNativeTarget "HealthConnectTests" */ = {
			isa = XCConfigurationList;
			buildConfigurations = (
				0489D52F2A23DF790079932E /* Debug */,
				0489D5302A23DF790079932E /* Release */,
			);
			defaultConfigurationIsVisible = 0;
			defaultConfigurationName = Release;
		};
		0489D54D2A23EAE10079932E /* Build configuration list for PBXNativeTarget "TopLevel" */ = {
			isa = XCConfigurationList;
			buildConfigurations = (
				0489D54E2A23EAE10079932E /* Debug */,
				0489D54F2A23EAE10079932E /* Release */,
			);
			defaultConfigurationIsVisible = 0;
			defaultConfigurationName = Release;
		};
		04B42E962A23DEE700E68358 /* Build configuration list for PBXProject "Beaties" */ = {
			isa = XCConfigurationList;
			buildConfigurations = (
				04B42EAD2A23DEE800E68358 /* Debug */,
				04B42EAE2A23DEE800E68358 /* Release */,
			);
			defaultConfigurationIsVisible = 0;
			defaultConfigurationName = Release;
		};
		04B42EAF2A23DEE800E68358 /* Build configuration list for PBXNativeTarget "Beaties Watch App" */ = {
			isa = XCConfigurationList;
			buildConfigurations = (
				04B42EB02A23DEE800E68358 /* Debug */,
				04B42EB12A23DEE800E68358 /* Release */,
			);
			defaultConfigurationIsVisible = 0;
			defaultConfigurationName = Release;
		};
		04B42EB32A23DEE800E68358 /* Build configuration list for PBXNativeTarget "Beaties" */ = {
			isa = XCConfigurationList;
			buildConfigurations = (
				04B42EB42A23DEE800E68358 /* Debug */,
				04B42EB52A23DEE800E68358 /* Release */,
			);
			defaultConfigurationIsVisible = 0;
			defaultConfigurationName = Release;
		};
		04EFFF042A26CC70008F5358 /* Build configuration list for PBXNativeTarget "ComplicationExtension" */ = {
			isa = XCConfigurationList;
			buildConfigurations = (
				04EFFF052A26CC70008F5358 /* Debug */,
				04EFFF062A26CC70008F5358 /* Release */,
			);
			defaultConfigurationIsVisible = 0;
			defaultConfigurationName = Release;
		};
/* End XCConfigurationList section */
	};
	rootObject = 04B42E932A23DEE700E68358 /* Project object */;
}
